
Microsoft Visual Studio Solution File, Format Version 12.00
# Visual Studio Version 17
VisualStudioVersion = 17.5.33530.505
MinimumVisualStudioVersion = 10.0.40219.1
Project("{FAE04EC0-301F-11D3-BF4B-00C04F79EFBC}") = "Menu_1Graficacion", "Menu_1Graficacion\Menu_1Graficacion.csproj", "{91FDD239-835B-4458-9685-6500DF54F156}"
EndProject
Global
	GlobalSection(SolutionConfigurationPlatforms) = preSolution
		Debug|Any CPU = Debug|Any CPU
		Release|Any CPU = Release|Any CPU
	EndGlobalSection
	GlobalSection(ProjectConfigurationPlatforms) = postSolution
		{91FDD239-835B-4458-9685-6500DF54F156}.Debug|Any CPU.ActiveCfg = Debug|Any CPU
		{91FDD239-835B-4458-9685-6500DF54F156}.Debug|Any CPU.Build.0 = Debug|Any CPU
		{91FDD239-835B-4458-9685-6500DF54F156}.Release|Any CPU.ActiveCfg = Release|Any CPU
		{91FDD239-835B-4458-9685-6500DF54F156}.Release|Any CPU.Build.0 = Release|Any CPU
	EndGlobalSection
	GlobalSection(SolutionProperties) = preSolution
		HideSolutionNode = FALSE
	EndGlobalSection
	GlobalSection(ExtensibilityGlobals) = postSolution
		SolutionGuid = {A0753364-C8E4-4188-B74D-BEBD26420D6F}
	EndGlobalSection
EndGlobal
